dependencies:
  espressif/coap:
    component_hash: b76d3b92424c55629509e60066d0d87cdd10f8f6272f1314f81ffd443de601b6
    dependencies:
    - name: idf
      require: private
      version: '>=4.4'
    source:
      registry_url: https://components.espressif.com/
      type: service
    version: 4.3.4~3
  idf:
    source:
      type: idf
    version: 5.3.0
direct_dependencies:
- espressif/coap
manifest_hash: 895cb69504d3d54facd2b65d7725c9a8475970c5102b94907feb337b861cc0ef
target: esp32
version: 2.0.0
