dependencies:
  espressif/coap:
    component_hash: b76d3b92424c55629509e60066d0d87cdd10f8f6272f1314f81ffd443de601b6
    dependencies:
    - name: idf
      require: private
      version: '>=4.4'
    source:
      registry_url: https://components.espressif.com/
      type: service
    version: 4.3.4~3
  espressif/esp32-camera:
    component_hash: 4aadd189e9ca97298f1d69920f2d8c6b07cb3cbca014584b60e96de8a3cbb249
    dependencies: []
    source:
      registry_url: https://components.espressif.com/
      type: service
    version: 2.0.10
  idf:
    source:
      type: idf
    version: 5.3.0
direct_dependencies:
- espressif/coap
- espressif/esp32-camera
manifest_hash: a6a922c0e0c3bc4c084a076e1b44e40b48417afa94585043d633d1b7003b21b0
target: esp32
version: 2.0.0
